
Microsoft Visual Studio Solution File, Format Version 12.00
# Visual Studio Version 17
VisualStudioVersion = 17.13.35931.197 d17.13
MinimumVisualStudioVersion = 10.0.40219.1
Project("{FAE04EC0-301F-11D3-BF4B-00C04F79EFBC}") = "TestDesarrolladorAPI", "TestDesarrolladorAPI\TestDesarrolladorAPI.csproj", "{1011CF4D-9581-4C94-8EC4-9F81AD85618C}"
EndProject
Global
	GlobalSection(SolutionConfigurationPlatforms) = preSolution
		Debug|Any CPU = Debug|Any CPU
		Release|Any CPU = Release|Any CPU
	EndGlobalSection
	GlobalSection(ProjectConfigurationPlatforms) = postSolution
		{1011CF4D-9581-4C94-8EC4-9F81AD85618C}.Debug|Any CPU.ActiveCfg = Debug|Any CPU
		{1011CF4D-9581-4C94-8EC4-9F81AD85618C}.Debug|Any CPU.Build.0 = Debug|Any CPU
		{1011CF4D-9581-4C94-8EC4-9F81AD85618C}.Release|Any CPU.ActiveCfg = Release|Any CPU
		{1011CF4D-9581-4C94-8EC4-9F81AD85618C}.Release|Any CPU.Build.0 = Release|Any CPU
	EndGlobalSection
	GlobalSection(SolutionProperties) = preSolution
		HideSolutionNode = FALSE
	EndGlobalSection
	GlobalSection(ExtensibilityGlobals) = postSolution
		SolutionGuid = {155BCAD3-C62D-41FC-BCEC-A77B994B2839}
	EndGlobalSection
EndGlobal
